
Microsoft Visual Studio Solution File, Format Version 10.00
# Visual Studio Express 2013 for Windows Desktop
VisualStudioVersion = 10.0.40219.1
MinimumVisualStudioVersion = 10.0.40219.1
Project("{8BC9CEB8-8B4A-11D0-8D11-00A0C91BC942}") = "SA-MP SDK", "SA-MP SDK\SA-MP SDK.vcxproj", "{734C1B59-D684-4A60-BB3E-82690EA516A1}"
EndProject
Global
	GlobalSection(SolutionConfigurationPlatforms) = preSolution
		Debug|Win32 = Debug|Win32
		Release|Win32 = Release|Win32
	EndGlobalSection
	GlobalSection(ProjectConfigurationPlatforms) = postSolution
		{734C1B59-D684-4A60-BB3E-82690EA516A1}.Debug|Win32.ActiveCfg = Debug|Win32
		{734C1B59-D684-4A60-BB3E-82690EA516A1}.Debug|Win32.Build.0 = Debug|Win32
		{734C1B59-D684-4A60-BB3E-82690EA516A1}.Release|Win32.ActiveCfg = Release|Win32
		{734C1B59-D684-4A60-BB3E-82690EA516A1}.Release|Win32.Build.0 = Release|Win32
	EndGlobalSection
	GlobalSection(SolutionProperties) = preSolution
		HideSolutionNode = FALSE
	EndGlobalSection
EndGlobal
