<?xml version="1.0" encoding="utf-8"?>
<Project ToolsVersion="4.0" xmlns="http://schemas.microsoft.com/developer/msbuild/2003">
  <ItemGroup>
    <ClCompile Include="SA-MP SDK.cxx" />
    <ClCompile Include="include\Invoke\Invoke.cxx">
      <Filter>include\Invoke</Filter>
    </ClCompile>
    <ClCompile Include="include\SDK\amxplugin.cpp">
      <Filter>include\SDK</Filter>
    </ClCompile>
    <ClCompile Include="include\SDK\amx\getch.c">
      <Filter>include\SDK\amx</Filter>
    </ClCompile>
  </ItemGroup>
  <ItemGroup>
    <None Include="SA-MP SDK.def" />
  </ItemGroup>
  <ItemGroup>
    <Filter Include="include">
      <UniqueIdentifier>{871bc912-52fd-4026-8af7-b84545d12a7c}</UniqueIdentifier>
    </Filter>
    <Filter Include="include\SDK">
      <UniqueIdentifier>{c486711b-289f-4f9b-843d-714fac2de9a5}</UniqueIdentifier>
    </Filter>
    <Filter Include="include\Invoke">
      <UniqueIdentifier>{b178f0f7-cda2-4b4a-900e-813897f01b4d}</UniqueIdentifier>
    </Filter>
    <Filter Include="include\SDK\amx">
      <UniqueIdentifier>{6c885b67-259b-45aa-b68b-37f607b99926}</UniqueIdentifier>
    </Filter>
  </ItemGroup>
  <ItemGroup>
    <ClInclude Include="include\Invoke\Invoke.hxx">
      <Filter>include\Invoke</Filter>
    </ClInclude>
    <ClInclude Include="include\SDK\plugin.h">
      <Filter>include\SDK</Filter>
    </ClInclude>
    <ClInclude Include="include\SDK\plugincommon.h">
      <Filter>include\SDK</Filter>
    </ClInclude>
    <ClInclude Include="include\SDK\amx\amx.h">
      <Filter>include\SDK\amx</Filter>
    </ClInclude>
    <ClInclude Include="include\SDK\amx\getch.h">
      <Filter>include\SDK\amx</Filter>
    </ClInclude>
    <ClInclude Include="include\SDK\amx\sclinux.h">
      <Filter>include\SDK\amx</Filter>
    </ClInclude>
  </ItemGroup>
  <ItemGroup>
    <Text Include="include\Invoke\Invoke.txt">
      <Filter>include\Invoke</Filter>
    </Text>
  </ItemGroup>
</Project>